dependencies:
  espressif/esp-zboss-lib:
    component_hash: 321883d142421f65009972408287441794250057668a11abbdfd8bec77c3309a
    dependencies:
    - name: idf
      require: private
      version: '>=5.0'
    source:
      registry_url: https://components.espressif.com/
      type: service
    version: 1.6.4
  espressif/esp-zigbee-lib:
    component_hash: 947ea40aa95a89b9da238e941bd2950952e7cd422074d0c02d6896e2ff07bad5
    dependencies:
    - name: idf
      require: private
      version: '>=5.0'
    source:
      registry_url: https://components.espressif.com/
      type: service
    version: 1.6.5
  idf:
    source:
      type: idf
    version: 5.4.1
direct_dependencies:
- espressif/esp-zboss-lib
- espressif/esp-zigbee-lib
manifest_hash: 0548aa96b0a3e03b2bdb94ebbae73269b7c23cf72d5272b56102614fae4ba3bd
target: esp32h2
version: 2.0.0
